# This file is automatically @generated by Poetry 1.8.3 and should not be changed by hand.

[[package]]
name = "blinker"
version = "1.8.2"
description = "Fast, simple object-to-object and broadcast signaling"
optional = false
python-versions = ">=3.8"
files = [
    {file = "blinker-1.8.2-py3-none-any.whl", hash = "sha256:1779309f71bf239144b9399d06ae925637cf6634cf6bd131104184531bf67c01"},
    {file = "blinker-1.8.2.tar.gz", hash = "sha256:8f77b09d3bf7c795e969e9486f39c2c5e9c39d4ee07424be2bc594ece9642d83"},
]

[[package]]
name = "buttplug-py"
version = "0.2.0"
description = "Python client implementation of the Buttplug Intimate Hardware Control Protocol."
optional = false
python-versions = ">=3.9"
files = [
    {file = "buttplug-py-0.2.0.tar.gz", hash = "sha256:44a1eac94a3a050264d0356efc6802e13e6d782d6064164d6d24c7cebabe14a3"},
    {file = "buttplug_py-0.2.0-py3-none-any.whl", hash = "sha256:29f14fb9f7ae13050b19f33e1b2fbda052c785607adea69cec6ffb8ae77817ff"},
]

[package.dependencies]
websockets = ">=10.4"

[[package]]
name = "click"
version = "8.1.7"
description = "Composable command line interface toolkit"
optional = false
python-versions = ">=3.7"
files = [
    {file = "click-8.1.7-py3-none-any.whl", hash = "sha256:ae74fb96c20a0277a1d615f1e4d73c8414f5a98db8b799a7931d1582f3390c28"},
    {file = "click-8.1.7.tar.gz", hash = "sha256:ca9853ad459e787e2192211578cc907e7594e294c7ccc834310722b41b9ca6de"},
]

[package.dependencies]
colorama = {version = "*", markers = "platform_system == \"Windows\""}

[[package]]
name = "colorama"
version = "0.4.6"
description = "Cross-platform colored terminal text."
optional = false
python-versions = "!=3.0.*,!=3.1.*,!=3.2.*,!=3.3.*,!=3.4.*,!=3.5.*,!=3.6.*,>=2.7"
files = [
    {file = "colorama-0.4.6-py2.py3-none-any.whl", hash = "sha256:4f1d9991f5acc0ca119f9d443620b77f9d6b33703e51011c16baf57afb285fc6"},
    {file = "colorama-0.4.6.tar.gz", hash = "sha256:08695f5cb7ed6e0531a20572697297273c47b8cae5a63ffc6d6ed5c201be6e44"},
]

[[package]]
name = "flask"
version = "3.0.3"
description = "A simple framework for building complex web applications."
optional = false
python-versions = ">=3.8"
files = [
    {file = "flask-3.0.3-py3-none-any.whl", hash = "sha256:34e815dfaa43340d1d15a5c3a02b8476004037eb4840b34910c6e21679d288f3"},
    {file = "flask-3.0.3.tar.gz", hash = "sha256:ceb27b0af3823ea2737928a4d99d125a06175b8512c445cbd9a9ce200ef76842"},
]

[package.dependencies]
blinker = ">=1.6.2"
click = ">=8.1.3"
itsdangerous = ">=2.1.2"
Jinja2 = ">=3.1.2"
Werkzeug = ">=3.0.0"

[package.extras]
async = ["asgiref (>=3.2)"]
dotenv = ["python-dotenv"]

[[package]]
name = "itsdangerous"
version = "2.2.0"
description = "Safely pass data to untrusted environments and back."
optional = false
python-versions = ">=3.8"
files = [
    {file = "itsdangerous-2.2.0-py3-none-any.whl", hash = "sha256:c6242fc49e35958c8b15141343aa660db5fc54d4f13a1db01a3f5891b98700ef"},
    {file = "itsdangerous-2.2.0.tar.gz", hash = "sha256:e0050c0b7da1eea53ffaf149c0cfbb5c6e2e2b69c4bef22c81fa6eb73e5f6173"},
]

[[package]]
name = "jinja2"
version = "3.1.4"
description = "A very fast and expressive template engine."
optional = false
python-versions = ">=3.7"
files = [
    {file = "jinja2-3.1.4-py3-none-any.whl", hash = "sha256:bc5dd2abb727a5319567b7a813e6a2e7318c39f4f487cfe6c89c6f9c7d25197d"},
    {file = "jinja2-3.1.4.tar.gz", hash = "sha256:4a3aee7acbbe7303aede8e9648d13b8bf88a429282aa6122a993f0ac800cb369"},
]

[package.dependencies]
MarkupSafe = ">=2.0"

[package.extras]
i18n = ["Babel (>=2.7)"]

[[package]]
name = "libsass"
version = "0.23.0"
description = "Sass for Python: A straightforward binding of libsass for Python."
optional = false
python-versions = ">=3.8"
files = [
    {file = "libsass-0.23.0-cp38-abi3-macosx_11_0_x86_64.whl", hash = "sha256:34cae047cbbfc4ffa832a61cbb110f3c95f5471c6170c842d3fed161e40814dc"},
    {file = "libsass-0.23.0-cp38-abi3-macosx_14_0_arm64.whl", hash = "sha256:ea97d1b45cdc2fc3590cb9d7b60f1d8915d3ce17a98c1f2d4dd47ee0d9c68ce6"},
    {file = "libsass-0.23.0-cp38-abi3-manylinux_2_5_x86_64.manylinux1_x86_64.whl", hash = "sha256:4a218406d605f325d234e4678bd57126a66a88841cb95bee2caeafdc6f138306"},
    {file = "libsass-0.23.0-cp38-abi3-win32.whl", hash = "sha256:31e86d92a5c7a551df844b72d83fc2b5e50abc6fbbb31e296f7bebd6489ed1b4"},
    {file = "libsass-0.23.0-cp38-abi3-win_amd64.whl", hash = "sha256:a2ec85d819f353cbe807432d7275d653710d12b08ec7ef61c124a580a8352f3c"},
    {file = "libsass-0.23.0.tar.gz", hash = "sha256:6f209955ede26684e76912caf329f4ccb57e4a043fd77fe0e7348dd9574f1880"},
]

[[package]]
name = "markupsafe"
version = "2.1.5"
description = "Safely add untrusted strings to HTML/XML markup."
optional = false
python-versions = ">=3.7"
files = [
    {file = "MarkupSafe-2.1.5-cp310-cp310-macosx_10_9_universal2.whl", hash = "sha256:a17a92de5231666cfbe003f0e4b9b3a7ae3afb1ec2845aadc2bacc93ff85febc"},
    {file = "MarkupSafe-2.1.5-cp310-cp310-macosx_10_9_x86_64.whl", hash = "sha256:72b6be590cc35924b02c78ef34b467da4ba07e4e0f0454a2c5907f473fc50ce5"},
    {file = "MarkupSafe-2.1.5-cp310-cp310-manylinux_2_17_aarch64.manylinux2014_aarch64.whl", hash = "sha256:e61659ba32cf2cf1481e575d0462554625196a1f2fc06a1c777d3f48e8865d46"},
    {file = "MarkupSafe-2.1.5-cp310-cp310-manylinux_2_17_x86_64.manylinux2014_x86_64.whl", hash = "sha256:2174c595a0d73a3080ca3257b40096db99799265e1c27cc5a610743acd86d62f"},
    {file = "MarkupSafe-2.1.5-cp310-cp310-manylinux_2_5_i686.manylinux1_i686.manylinux_2_17_i686.manylinux2014_i686.whl", hash = "sha256:ae2ad8ae6ebee9d2d94b17fb62763125f3f374c25618198f40cbb8b525411900"},
    {file = "MarkupSafe-2.1.5-cp310-cp310-musllinux_1_1_aarch64.whl", hash = "sha256:075202fa5b72c86ad32dc7d0b56024ebdbcf2048c0ba09f1cde31bfdd57bcfff"},
    {file = "MarkupSafe-2.1.5-cp310-cp310-musllinux_1_1_i686.whl", hash = "sha256:598e3276b64aff0e7b3451b72e94fa3c238d452e7ddcd893c3ab324717456bad"},
    {file = "MarkupSafe-2.1.5-cp310-cp310-musllinux_1_1_x86_64.whl", hash = "sha256:fce659a462a1be54d2ffcacea5e3ba2d74daa74f30f5f143fe0c58636e355fdd"},
    {file = "MarkupSafe-2.1.5-cp310-cp310-win32.whl", hash = "sha256:d9fad5155d72433c921b782e58892377c44bd6252b5af2f67f16b194987338a4"},
    {file = "MarkupSafe-2.1.5-cp310-cp310-win_amd64.whl", hash = "sha256:bf50cd79a75d181c9181df03572cdce0fbb75cc353bc350712073108cba98de5"},
    {file = "MarkupSafe-2.1.5-cp311-cp311-macosx_10_9_universal2.whl", hash = "sha256:629ddd2ca402ae6dbedfceeba9c46d5f7b2a61d9749597d4307f943ef198fc1f"},
    {file = "MarkupSafe-2.1.5-cp311-cp311-macosx_10_9_x86_64.whl", hash = "sha256:5b7b716f97b52c5a14bffdf688f971b2d5ef4029127f1ad7a513973cfd818df2"},
    {file = "MarkupSafe-2.1.5-cp311-cp311-manylinux_2_17_aarch64.manylinux2014_aarch64.whl", hash = "sha256:6ec585f69cec0aa07d945b20805be741395e28ac1627333b1c5b0105962ffced"},
    {file = "MarkupSafe-2.1.5-cp311-cp311-manylinux_2_17_x86_64.manylinux2014_x86_64.whl", hash = "sha256:b91c037585eba9095565a3556f611e3cbfaa42ca1e865f7b8015fe5c7336d5a5"},
    {file = "MarkupSafe-2.1.5-cp311-cp311-manylinux_2_5_i686.manylinux1_i686.manylinux_2_17_i686.manylinux2014_i686.whl", hash = "sha256:7502934a33b54030eaf1194c21c692a534196063db72176b0c4028e140f8f32c"},
    {file = "MarkupSafe-2.1.5-cp311-cp311-musllinux_1_1_aarch64.whl", hash = "sha256:0e397ac966fdf721b2c528cf028494e86172b4feba51d65f81ffd65c63798f3f"},
    {file = "MarkupSafe-2.1.5-cp311-cp311-musllinux_1_1_i686.whl", hash = "sha256:c061bb86a71b42465156a3ee7bd58c8c2ceacdbeb95d05a99893e08b8467359a"},
    {file = "MarkupSafe-2.1.5-cp311-cp311-musllinux_1_1_x86_64.whl", hash = "sha256:3a57fdd7ce31c7ff06cdfbf31dafa96cc533c21e443d57f5b1ecc6cdc668ec7f"},
    {file = "MarkupSafe-2.1.5-cp311-cp311-win32.whl", hash = "sha256:397081c1a0bfb5124355710fe79478cdbeb39626492b15d399526ae53422b906"},
    {file = "MarkupSafe-2.1.5-cp311-cp311-win_amd64.whl", hash = "sha256:2b7c57a4dfc4f16f7142221afe5ba4e093e09e728ca65c51f5620c9aaeb9a617"},
    {file = "MarkupSafe-2.1.5-cp312-cp312-macosx_10_9_universal2.whl", hash = "sha256:8dec4936e9c3100156f8a2dc89c4b88d5c435175ff03413b443469c7c8c5f4d1"},
    {file = "MarkupSafe-2.1.5-cp312-cp312-macosx_10_9_x86_64.whl", hash = "sha256:3c6b973f22eb18a789b1460b4b91bf04ae3f0c4234a0a6aa6b0a92f6f7b951d4"},
    {file = "MarkupSafe-2.1.5-cp312-cp312-manylinux_2_17_aarch64.manylinux2014_aarch64.whl", hash = "sha256:ac07bad82163452a6884fe8fa0963fb98c2346ba78d779ec06bd7a6262132aee"},
    {file = "MarkupSafe-2.1.5-cp312-cp312-manylinux_2_17_x86_64.manylinux2014_x86_64.whl", hash = "sha256:f5dfb42c4604dddc8e4305050aa6deb084540643ed5804d7455b5df8fe16f5e5"},
    {file = "MarkupSafe-2.1.5-cp312-cp312-manylinux_2_5_i686.manylinux1_i686.manylinux_2_17_i686.manylinux2014_i686.whl", hash = "sha256:ea3d8a3d18833cf4304cd2fc9cbb1efe188ca9b5efef2bdac7adc20594a0e46b"},
    {file = "MarkupSafe-2.1.5-cp312-cp312-musllinux_1_1_aarch64.whl", hash = "sha256:d050b3361367a06d752db6ead6e7edeb0009be66bc3bae0ee9d97fb326badc2a"},
    {file = "MarkupSafe-2.1.5-cp312-cp312-musllinux_1_1_i686.whl", hash = "sha256:bec0a414d016ac1a18862a519e54b2fd0fc8bbfd6890376898a6c0891dd82e9f"},
    {file = "MarkupSafe-2.1.5-cp312-cp312-musllinux_1_1_x86_64.whl", hash = "sha256:58c98fee265677f63a4385256a6d7683ab1832f3ddd1e66fe948d5880c21a169"},
    {file = "MarkupSafe-2.1.5-cp312-cp312-win32.whl", hash = "sha256:8590b4ae07a35970728874632fed7bd57b26b0102df2d2b233b6d9d82f6c62ad"},
    {file = "MarkupSafe-2.1.5-cp312-cp312-win_amd64.whl", hash = "sha256:823b65d8706e32ad2df51ed89496147a42a2a6e01c13cfb6ffb8b1e92bc910bb"},
    {file = "MarkupSafe-2.1.5-cp37-cp37m-macosx_10_9_x86_64.whl", hash = "sha256:c8b29db45f8fe46ad280a7294f5c3ec36dbac9491f2d1c17345be8e69cc5928f"},
    {file = "MarkupSafe-2.1.5-cp37-cp37m-manylinux_2_17_aarch64.manylinux2014_aarch64.whl", hash = "sha256:ec6a563cff360b50eed26f13adc43e61bc0c04d94b8be985e6fb24b81f6dcfdf"},
    {file = "MarkupSafe-2.1.5-cp37-cp37m-manylinux_2_17_x86_64.manylinux2014_x86_64.whl", hash = "sha256:a549b9c31bec33820e885335b451286e2969a2d9e24879f83fe904a5ce59d70a"},
    {file = "MarkupSafe-2.1.5-cp37-cp37m-manylinux_2_5_i686.manylinux1_i686.manylinux_2_17_i686.manylinux2014_i686.whl", hash = "sha256:4f11aa001c540f62c6166c7726f71f7573b52c68c31f014c25cc7901deea0b52"},
    {file = "MarkupSafe-2.1.5-cp37-cp37m-musllinux_1_1_aarch64.whl", hash = "sha256:7b2e5a267c855eea6b4283940daa6e88a285f5f2a67f2220203786dfa59b37e9"},
    {file = "MarkupSafe-2.1.5-cp37-cp37m-musllinux_1_1_i686.whl", hash = "sha256:2d2d793e36e230fd32babe143b04cec8a8b3eb8a3122d2aceb4a371e6b09b8df"},
    {file = "MarkupSafe-2.1.5-cp37-cp37m-musllinux_1_1_x86_64.whl", hash = "sha256:ce409136744f6521e39fd8e2a24c53fa18ad67aa5bc7c2cf83645cce5b5c4e50"},
    {file = "MarkupSafe-2.1.5-cp37-cp37m-win32.whl", hash = "sha256:4096e9de5c6fdf43fb4f04c26fb114f61ef0bf2e5604b6ee3019d51b69e8c371"},
    {file = "MarkupSafe-2.1.5-cp37-cp37m-win_amd64.whl", hash = "sha256:4275d846e41ecefa46e2015117a9f491e57a71ddd59bbead77e904dc02b1bed2"},
    {file = "MarkupSafe-2.1.5-cp38-cp38-macosx_10_9_universal2.whl", hash = "sha256:656f7526c69fac7f600bd1f400991cc282b417d17539a1b228617081106feb4a"},
    {file = "MarkupSafe-2.1.5-cp38-cp38-macosx_10_9_x86_64.whl", hash = "sha256:97cafb1f3cbcd3fd2b6fbfb99ae11cdb14deea0736fc2b0952ee177f2b813a46"},
    {file = "MarkupSafe-2.1.5-cp38-cp38-manylinux_2_17_aarch64.manylinux2014_aarch64.whl", hash = "sha256:1f3fbcb7ef1f16e48246f704ab79d79da8a46891e2da03f8783a5b6fa41a9532"},
    {file = "MarkupSafe-2.1.5-cp38-cp38-manylinux_2_17_x86_64.manylinux2014_x86_64.whl", hash = "sha256:fa9db3f79de01457b03d4f01b34cf91bc0048eb2c3846ff26f66687c2f6d16ab"},
    {file = "MarkupSafe-2.1.5-cp38-cp38-manylinux_2_5_i686.manylinux1_i686.manylinux_2_17_i686.manylinux2014_i686.whl", hash = "sha256:ffee1f21e5ef0d712f9033568f8344d5da8cc2869dbd08d87c84656e6a2d2f68"},
    {file = "MarkupSafe-2.1.5-cp38-cp38-musllinux_1_1_aarch64.whl", hash = "sha256:5dedb4db619ba5a2787a94d877bc8ffc0566f92a01c0ef214865e54ecc9ee5e0"},
    {file = "MarkupSafe-2.1.5-cp38-cp38-musllinux_1_1_i686.whl", hash = "sha256:30b600cf0a7ac9234b2638fbc0fb6158ba5bdcdf46aeb631ead21248b9affbc4"},
    {file = "MarkupSafe-2.1.5-cp38-cp38-musllinux_1_1_x86_64.whl", hash = "sha256:8dd717634f5a044f860435c1d8c16a270ddf0ef8588d4887037c5028b859b0c3"},
    {file = "MarkupSafe-2.1.5-cp38-cp38-win32.whl", hash = "sha256:daa4ee5a243f0f20d528d939d06670a298dd39b1ad5f8a72a4275124a7819eff"},
    {file = "MarkupSafe-2.1.5-cp38-cp38-win_amd64.whl", hash = "sha256:619bc166c4f2de5caa5a633b8b7326fbe98e0ccbfacabd87268a2b15ff73a029"},
    {file = "MarkupSafe-2.1.5-cp39-cp39-macosx_10_9_universal2.whl", hash = "sha256:7a68b554d356a91cce1236aa7682dc01df0edba8d043fd1ce607c49dd3c1edcf"},
    {file = "MarkupSafe-2.1.5-cp39-cp39-macosx_10_9_x86_64.whl", hash = "sha256:db0b55e0f3cc0be60c1f19efdde9a637c32740486004f20d1cff53c3c0ece4d2"},
    {file = "MarkupSafe-2.1.5-cp39-cp39-manylinux_2_17_aarch64.manylinux2014_aarch64.whl", hash = "sha256:3e53af139f8579a6d5f7b76549125f0d94d7e630761a2111bc431fd820e163b8"},
    {file = "MarkupSafe-2.1.5-cp39-cp39-manylinux_2_17_x86_64.manylinux2014_x86_64.whl", hash = "sha256:17b950fccb810b3293638215058e432159d2b71005c74371d784862b7e4683f3"},
    {file = "MarkupSafe-2.1.5-cp39-cp39-manylinux_2_5_i686.manylinux1_i686.manylinux_2_17_i686.manylinux2014_i686.whl", hash = "sha256:4c31f53cdae6ecfa91a77820e8b151dba54ab528ba65dfd235c80b086d68a465"},
    {file = "MarkupSafe-2.1.5-cp39-cp39-musllinux_1_1_aarch64.whl", hash = "sha256:bff1b4290a66b490a2f4719358c0cdcd9bafb6b8f061e45c7a2460866bf50c2e"},
    {file = "MarkupSafe-2.1.5-cp39-cp39-musllinux_1_1_i686.whl", hash = "sha256:bc1667f8b83f48511b94671e0e441401371dfd0f0a795c7daa4a3cd1dde55bea"},
    {file = "MarkupSafe-2.1.5-cp39-cp39-musllinux_1_1_x86_64.whl", hash = "sha256:5049256f536511ee3f7e1b3f87d1d1209d327e818e6ae1365e8653d7e3abb6a6"},
    {file = "MarkupSafe-2.1.5-cp39-cp39-win32.whl", hash = "sha256:00e046b6dd71aa03a41079792f8473dc494d564611a8f89bbbd7cb93295ebdcf"},
    {file = "MarkupSafe-2.1.5-cp39-cp39-win_amd64.whl", hash = "sha256:fa173ec60341d6bb97a89f5ea19c85c5643c1e7dedebc22f5181eb73573142c5"},
    {file = "MarkupSafe-2.1.5.tar.gz", hash = "sha256:d283d37a890ba4c1ae73ffadf8046435c76e7bc2247bbb63c00bd1a709c6544b"},
]

[[package]]
name = "rapidfuzz"
version = "3.9.3"
description = "rapid fuzzy string matching"
optional = false
python-versions = ">=3.8"
files = [
    {file = "rapidfuzz-3.9.3-cp310-cp310-macosx_10_9_x86_64.whl", hash = "sha256:bdb8c5b8e29238ec80727c2ba3b301efd45aa30c6a7001123a6647b8e6f77ea4"},
    {file = "rapidfuzz-3.9.3-cp310-cp310-macosx_11_0_arm64.whl", hash = "sha256:b3bd0d9632088c63a241f217742b1cf86e2e8ae573e01354775bd5016d12138c"},
    {file = "rapidfuzz-3.9.3-cp310-cp310-manylinux_2_17_aarch64.manylinux2014_aarch64.whl", hash = "sha256:153f23c03d4917f6a1fc2fb56d279cc6537d1929237ff08ee7429d0e40464a18"},
    {file = "rapidfuzz-3.9.3-cp310-cp310-manylinux_2_17_i686.manylinux2014_i686.whl", hash = "sha256:a96c5225e840f1587f1bac8fa6f67562b38e095341576e82b728a82021f26d62"},
    {file = "rapidfuzz-3.9.3-cp310-cp310-manylinux_2_17_ppc64le.manylinux2014_ppc64le.whl", hash = "sha256:b777cd910ceecd738adc58593d6ed42e73f60ad04ecdb4a841ae410b51c92e0e"},
    {file = "rapidfuzz-3.9.3-cp310-cp310-manylinux_2_17_s390x.manylinux2014_s390x.whl", hash = "sha256:53e06e4b81f552da04940aa41fc556ba39dee5513d1861144300c36c33265b76"},
    {file = "rapidfuzz-3.9.3-cp310-cp310-manylinux_2_17_x86_64.manylinux2014_x86_64.whl", hash = "sha256:5c7ca5b6050f18fdcacdada2dc5fb7619ff998cd9aba82aed2414eee74ebe6cd"},
    {file = "rapidfuzz-3.9.3-cp310-cp310-musllinux_1_2_aarch64.whl", hash = "sha256:87bb8d84cb41446a808c4b5f746e29d8a53499381ed72f6c4e456fe0f81c80a8"},
    {file = "rapidfuzz-3.9.3-cp310-cp310-musllinux_1_2_i686.whl", hash = "sha256:959a15186d18425d19811bea86a8ffbe19fd48644004d29008e636631420a9b7"},
    {file = "rapidfuzz-3.9.3-cp310-cp310-musllinux_1_2_ppc64le.whl", hash = "sha256:a24603dd05fb4e3c09d636b881ce347e5f55f925a6b1b4115527308a323b9f8e"},
    {file = "rapidfuzz-3.9.3-cp310-cp310-musllinux_1_2_s390x.whl", hash = "sha256:0d055da0e801c71dd74ba81d72d41b2fa32afa182b9fea6b4b199d2ce937450d"},
    {file = "rapidfuzz-3.9.3-cp310-cp310-musllinux_1_2_x86_64.whl", hash = "sha256:875b581afb29a7213cf9d98cb0f98df862f1020bce9d9b2e6199b60e78a41d14"},
    {file = "rapidfuzz-3.9.3-cp310-cp310-win32.whl", hash = "sha256:6073a46f61479a89802e3f04655267caa6c14eb8ac9d81a635a13805f735ebc1"},
    {file = "rapidfuzz-3.9.3-cp310-cp310-win_amd64.whl", hash = "sha256:119c010e20e561249b99ca2627f769fdc8305b07193f63dbc07bca0a6c27e892"},
    {file = "rapidfuzz-3.9.3-cp310-cp310-win_arm64.whl", hash = "sha256:790b0b244f3213581d42baa2fed8875f9ee2b2f9b91f94f100ec80d15b140ba9"},
    {file = "rapidfuzz-3.9.3-cp311-cp311-macosx_10_9_x86_64.whl", hash = "sha256:f57e8305c281e8c8bc720515540e0580355100c0a7a541105c6cafc5de71daae"},
    {file = "rapidfuzz-3.9.3-cp311-cp311-macosx_11_0_arm64.whl", hash = "sha256:a4fc7b784cf987dbddc300cef70e09a92ed1bce136f7bb723ea79d7e297fe76d"},
    {file = "rapidfuzz-3.9.3-cp311-cp311-manylinux_2_17_aarch64.manylinux2014_aarch64.whl", hash = "sha256:5b422c0a6fe139d5447a0766268e68e6a2a8c2611519f894b1f31f0a392b9167"},
    {file = "rapidfuzz-3.9.3-cp311-cp311-manylinux_2_17_i686.manylinux2014_i686.whl", hash = "sha256:f50fed4a9b0c9825ff37cf0bccafd51ff5792090618f7846a7650f21f85579c9"},
    {file = "rapidfuzz-3.9.3-cp311-cp311-manylinux_2_17_ppc64le.manylinux2014_ppc64le.whl", hash = "sha256:b80eb7cbe62348c61d3e67e17057cddfd6defab168863028146e07d5a8b24a89"},
    {file = "rapidfuzz-3.9.3-cp311-cp311-manylinux_2_17_s390x.manylinux2014_s390x.whl", hash = "sha256:65f45be77ec82da32ce5709a362e236ccf801615cc7163b136d1778cf9e31b14"},
    {file = "rapidfuzz-3.9.3-cp311-cp311-manylinux_2_17_x86_64.manylinux2014_x86_64.whl", hash = "sha256:fd84b7f652a5610733400307dc732f57c4a907080bef9520412e6d9b55bc9adc"},
    {file = "rapidfuzz-3.9.3-cp311-cp311-musllinux_1_2_aarch64.whl", hash = "sha256:3e6d27dad8c990218b8cd4a5c99cbc8834f82bb46ab965a7265d5aa69fc7ced7"},
    {file = "rapidfuzz-3.9.3-cp311-cp311-musllinux_1_2_i686.whl", hash = "sha256:05ee0696ebf0dfe8f7c17f364d70617616afc7dafe366532730ca34056065b8a"},
    {file = "rapidfuzz-3.9.3-cp311-cp311-musllinux_1_2_ppc64le.whl", hash = "sha256:2bc8391749e5022cd9e514ede5316f86e332ffd3cfceeabdc0b17b7e45198a8c"},
    {file = "rapidfuzz-3.9.3-cp311-cp311-musllinux_1_2_s390x.whl", hash = "sha256:93981895602cf5944d89d317ae3b1b4cc684d175a8ae2a80ce5b65615e72ddd0"},
    {file = "rapidfuzz-3.9.3-cp311-cp311-musllinux_1_2_x86_64.whl", hash = "sha256:754b719a4990735f66653c9e9261dcf52fd4d925597e43d6b9069afcae700d21"},
    {file = "rapidfuzz-3.9.3-cp311-cp311-win32.whl", hash = "sha256:14c9f268ade4c88cf77ab007ad0fdf63699af071ee69378de89fff7aa3cae134"},
    {file = "rapidfuzz-3.9.3-cp311-cp311-win_amd64.whl", hash = "sha256:bc1991b4cde6c9d3c0bbcb83d5581dc7621bec8c666c095c65b4277233265a82"},
    {file = "rapidfuzz-3.9.3-cp311-cp311-win_arm64.whl", hash = "sha256:0c34139df09a61b1b557ab65782ada971b4a3bce7081d1b2bee45b0a52231adb"},
    {file = "rapidfuzz-3.9.3-cp312-cp312-macosx_10_9_x86_64.whl", hash = "sha256:5d6a210347d6e71234af5c76d55eeb0348b026c9bb98fe7c1cca89bac50fb734"},
    {file = "rapidfuzz-3.9.3-cp312-cp312-macosx_11_0_arm64.whl", hash = "sha256:b300708c917ce52f6075bdc6e05b07c51a085733650f14b732c087dc26e0aaad"},
    {file = "rapidfuzz-3.9.3-cp312-cp312-manylinux_2_17_aarch64.manylinux2014_aarch64.whl", hash = "sha256:83ea7ca577d76778250421de61fb55a719e45b841deb769351fc2b1740763050"},
    {file = "rapidfuzz-3.9.3-cp312-cp312-manylinux_2_17_i686.manylinux2014_i686.whl", hash = "sha256:8319838fb5b7b5f088d12187d91d152b9386ce3979ed7660daa0ed1bff953791"},
    {file = "rapidfuzz-3.9.3-cp312-cp312-manylinux_2_17_ppc64le.manylinux2014_ppc64le.whl", hash = "sha256:505d99131afd21529293a9a7b91dfc661b7e889680b95534756134dc1cc2cd86"},
    {file = "rapidfuzz-3.9.3-cp312-cp312-manylinux_2_17_s390x.manylinux2014_s390x.whl", hash = "sha256:c52970f7784518d7c82b07a62a26e345d2de8c2bd8ed4774e13342e4b3ff4200"},
    {file = "rapidfuzz-3.9.3-cp312-cp312-manylinux_2_17_x86_64.manylinux2014_x86_64.whl", hash = "sha256:143caf7247449055ecc3c1e874b69e42f403dfc049fc2f3d5f70e1daf21c1318"},
    {file = "rapidfuzz-3.9.3-cp312-cp312-musllinux_1_2_aarch64.whl", hash = "sha256:b8ab0fa653d9225195a8ff924f992f4249c1e6fa0aea563f685e71b81b9fcccf"},
    {file = "rapidfuzz-3.9.3-cp312-cp312-musllinux_1_2_i686.whl", hash = "sha256:57e7c5bf7b61c7320cfa5dde1e60e678d954ede9bb7da8e763959b2138391401"},
    {file = "rapidfuzz-3.9.3-cp312-cp312-musllinux_1_2_ppc64le.whl", hash = "sha256:51fa1ba84653ab480a2e2044e2277bd7f0123d6693051729755addc0d015c44f"},
    {file = "rapidfuzz-3.9.3-cp312-cp312-musllinux_1_2_s390x.whl", hash = "sha256:17ff7f7eecdb169f9236e3b872c96dbbaf116f7787f4d490abd34b0116e3e9c8"},
    {file = "rapidfuzz-3.9.3-cp312-cp312-musllinux_1_2_x86_64.whl", hash = "sha256:afe7c72d3f917b066257f7ff48562e5d462d865a25fbcabf40fca303a9fa8d35"},
    {file = "rapidfuzz-3.9.3-cp312-cp312-win32.whl", hash = "sha256:e53ed2e9b32674ce96eed80b3b572db9fd87aae6742941fb8e4705e541d861ce"},
    {file = "rapidfuzz-3.9.3-cp312-cp312-win_amd64.whl", hash = "sha256:35b7286f177e4d8ba1e48b03612f928a3c4bdac78e5651379cec59f95d8651e6"},
    {file = "rapidfuzz-3.9.3-cp312-cp312-win_arm64.whl", hash = "sha256:e6e4b9380ed4758d0cb578b0d1970c3f32dd9e87119378729a5340cb3169f879"},
    {file = "rapidfuzz-3.9.3-cp38-cp38-macosx_10_9_x86_64.whl", hash = "sha256:a39890013f6d5b056cc4bfdedc093e322462ece1027a57ef0c636537bdde7531"},
    {file = "rapidfuzz-3.9.3-cp38-cp38-macosx_11_0_arm64.whl", hash = "sha256:b5bc0fdbf419493163c5c9cb147c5fbe95b8e25844a74a8807dcb1a125e630cf"},
    {file = "rapidfuzz-3.9.3-cp38-cp38-manylinux_2_17_aarch64.manylinux2014_aarch64.whl", hash = "sha256:efe6e200a75a792d37b960457904c4fce7c928a96ae9e5d21d2bd382fe39066e"},
    {file = "rapidfuzz-3.9.3-cp38-cp38-manylinux_2_17_i686.manylinux2014_i686.whl", hash = "sha256:de077c468c225d4c18f7188c47d955a16d65f21aab121cbdd98e3e2011002c37"},
    {file = "rapidfuzz-3.9.3-cp38-cp38-manylinux_2_17_ppc64le.manylinux2014_ppc64le.whl", hash = "sha256:8f917eaadf5388466a95f6a236f678a1588d231e52eda85374077101842e794e"},
    {file = "rapidfuzz-3.9.3-cp38-cp38-manylinux_2_17_s390x.manylinux2014_s390x.whl", hash = "sha256:858ba57c05afd720db8088a8707079e8d024afe4644001fe0dbd26ef7ca74a65"},
    {file = "rapidfuzz-3.9.3-cp38-cp38-manylinux_2_17_x86_64.manylinux2014_x86_64.whl", hash = "sha256:d36447d21b05f90282a6f98c5a33771805f9222e5d0441d03eb8824e33e5bbb4"},
    {file = "rapidfuzz-3.9.3-cp38-cp38-musllinux_1_2_aarch64.whl", hash = "sha256:acbe4b6f1ccd5b90c29d428e849aa4242e51bb6cab0448d5f3c022eb9a25f7b1"},
    {file = "rapidfuzz-3.9.3-cp38-cp38-musllinux_1_2_i686.whl", hash = "sha256:53c7f27cdf899e94712972237bda48cfd427646aa6f5d939bf45d084780e4c16"},
    {file = "rapidfuzz-3.9.3-cp38-cp38-musllinux_1_2_ppc64le.whl", hash = "sha256:6175682a829c6dea4d35ed707f1dadc16513270ef64436568d03b81ccb6bdb74"},
    {file = "rapidfuzz-3.9.3-cp38-cp38-musllinux_1_2_s390x.whl", hash = "sha256:5276df395bd8497397197fca2b5c85f052d2e6a66ffc3eb0544dd9664d661f95"},
    {file = "rapidfuzz-3.9.3-cp38-cp38-musllinux_1_2_x86_64.whl", hash = "sha256:77b5c4f3e72924d7845f0e189c304270066d0f49635cf8a3938e122c437e58de"},
    {file = "rapidfuzz-3.9.3-cp38-cp38-win32.whl", hash = "sha256:8add34061e5cd561c72ed4febb5c15969e7b25bda2bb5102d02afc3abc1f52d0"},
    {file = "rapidfuzz-3.9.3-cp38-cp38-win_amd64.whl", hash = "sha256:604e0502a39cf8e67fa9ad239394dddad4cdef6d7008fdb037553817d420e108"},
    {file = "rapidfuzz-3.9.3-cp39-cp39-macosx_10_9_x86_64.whl", hash = "sha256:21047f55d674614eb4b0ab34e35c3dc66f36403b9fbfae645199c4a19d4ed447"},
    {file = "rapidfuzz-3.9.3-cp39-cp39-macosx_11_0_arm64.whl", hash = "sha256:a56da3aff97cb56fe85d9ca957d1f55dbac7c27da927a86a2a86d8a7e17f80aa"},
    {file = "rapidfuzz-3.9.3-cp39-cp39-manylinux_2_17_aarch64.manylinux2014_aarch64.whl", hash = "sha256:964c08481aec2fe574f0062e342924db2c6b321391aeb73d68853ed42420fd6d"},
    {file = "rapidfuzz-3.9.3-cp39-cp39-manylinux_2_17_i686.manylinux2014_i686.whl", hash = "sha256:5e2b827258beefbe5d3f958243caa5a44cf46187eff0c20e0b2ab62d1550327a"},
    {file = "rapidfuzz-3.9.3-cp39-cp39-manylinux_2_17_ppc64le.manylinux2014_ppc64le.whl", hash = "sha256:c6e65a301fcd19fbfbee3a514cc0014ff3f3b254b9fd65886e8a9d6957fb7bca"},
    {file = "rapidfuzz-3.9.3-cp39-cp39-manylinux_2_17_s390x.manylinux2014_s390x.whl", hash = "sha256:cbe93ba1725a8d47d2b9dca6c1f435174859427fbc054d83de52aea5adc65729"},
    {file = "rapidfuzz-3.9.3-cp39-cp39-manylinux_2_17_x86_64.manylinux2014_x86_64.whl", hash = "sha256:aca21c0a34adee582775da997a600283e012a608a107398d80a42f9a57ad323d"},
    {file = "rapidfuzz-3.9.3-cp39-cp39-musllinux_1_2_aarch64.whl", hash = "sha256:256e07d3465173b2a91c35715a2277b1ee3ae0b9bbab4e519df6af78570741d0"},
    {file = "rapidfuzz-3.9.3-cp39-cp39-musllinux_1_2_i686.whl", hash = "sha256:802ca2cc8aa6b8b34c6fdafb9e32540c1ba05fca7ad60b3bbd7ec89ed1797a87"},
    {file = "rapidfuzz-3.9.3-cp39-cp39-musllinux_1_2_ppc64le.whl", hash = "sha256:dd789100fc852cffac1449f82af0da139d36d84fd9faa4f79fc4140a88778343"},
    {file = "rapidfuzz-3.9.3-cp39-cp39-musllinux_1_2_s390x.whl", hash = "sha256:5d0abbacdb06e27ff803d7ae0bd0624020096802758068ebdcab9bd49cf53115"},
    {file = "rapidfuzz-3.9.3-cp39-cp39-musllinux_1_2_x86_64.whl", hash = "sha256:378d1744828e27490a823fc6fe6ebfb98c15228d54826bf4e49e4b76eb5f5579"},
    {file = "rapidfuzz-3.9.3-cp39-cp39-win32.whl", hash = "sha256:5d0cb272d43e6d3c0dedefdcd9d00007471f77b52d2787a4695e9dd319bb39d2"},
    {file = "rapidfuzz-3.9.3-cp39-cp39-win_amd64.whl", hash = "sha256:15e4158ac4b3fb58108072ec35b8a69165f651ba1c8f43559a36d518dbf9fb3f"},
    {file = "rapidfuzz-3.9.3-cp39-cp39-win_arm64.whl", hash = "sha256:58c6a4936190c558d5626b79fc9e16497e5df7098589a7e80d8bff68148ff096"},
    {file = "rapidfuzz-3.9.3-pp310-pypy310_pp73-macosx_10_9_x86_64.whl", hash = "sha256:5410dc848c947a603792f4f51b904a3331cf1dc60621586bfbe7a6de72da1091"},
    {file = "rapidfuzz-3.9.3-pp310-pypy310_pp73-macosx_11_0_arm64.whl", hash = "sha256:282d55700a1a3d3a7980746eb2fcd48c9bbc1572ebe0840d0340d548a54d01fe"},
    {file = "rapidfuzz-3.9.3-pp310-pypy310_pp73-manylinux_2_17_aarch64.manylinux2014_aarch64.whl", hash = "sha256:dc1037507810833646481f5729901a154523f98cbebb1157ba3a821012e16402"},
    {file = "rapidfuzz-3.9.3-pp310-pypy310_pp73-manylinux_2_17_i686.manylinux2014_i686.whl", hash = "sha256:5e33f779391caedcba2ba3089fb6e8e557feab540e9149a5c3f7fea7a3a7df37"},
    {file = "rapidfuzz-3.9.3-pp310-pypy310_pp73-manylinux_2_17_x86_64.manylinux2014_x86_64.whl", hash = "sha256:41a81a9f311dc83d22661f9b1a1de983b201322df0c4554042ffffd0f2040c37"},
    {file = "rapidfuzz-3.9.3-pp310-pypy310_pp73-win_amd64.whl", hash = "sha256:a93250bd8fae996350c251e1752f2c03335bb8a0a5b0c7e910a593849121a435"},
    {file = "rapidfuzz-3.9.3-pp38-pypy38_pp73-macosx_10_9_x86_64.whl", hash = "sha256:3617d1aa7716c57d120b6adc8f7c989f2d65bc2b0cbd5f9288f1fc7bf469da11"},
    {file = "rapidfuzz-3.9.3-pp38-pypy38_pp73-macosx_11_0_arm64.whl", hash = "sha256:ad04a3f5384b82933213bba2459f6424decc2823df40098920856bdee5fd6e88"},
    {file = "rapidfuzz-3.9.3-pp38-pypy38_pp73-manylinux_2_17_aarch64.manylinux2014_aarch64.whl", hash = "sha256:8709918da8a88ad73c9d4dd0ecf24179a4f0ceba0bee21efc6ea21a8b5290349"},
    {file = "rapidfuzz-3.9.3-pp38-pypy38_pp73-manylinux_2_17_i686.manylinux2014_i686.whl", hash = "sha256:b770f85eab24034e6ef7df04b2bfd9a45048e24f8a808e903441aa5abde8ecdd"},
    {file = "rapidfuzz-3.9.3-pp38-pypy38_pp73-manylinux_2_17_x86_64.manylinux2014_x86_64.whl", hash = "sha256:930b4e6fdb4d914390141a2b99a6f77a52beacf1d06aa4e170cba3a98e24c1bc"},
    {file = "rapidfuzz-3.9.3-pp38-pypy38_pp73-win_amd64.whl", hash = "sha256:c8444e921bfc3757c475c4f4d7416a7aa69b2d992d5114fe55af21411187ab0d"},
    {file = "rapidfuzz-3.9.3-pp39-pypy39_pp73-macosx_10_9_x86_64.whl", hash = "sha256:2c1d3ef3878f871abe6826e386c3d61b5292ef5f7946fe646f4206b85836b5da"},
    {file = "rapidfuzz-3.9.3-pp39-pypy39_pp73-macosx_11_0_arm64.whl", hash = "sha256:d861bf326ee7dabc35c532a40384541578cd1ec1e1b7db9f9ecbba56eb76ca22"},
    {file = "rapidfuzz-3.9.3-pp39-pypy39_pp73-manylinux_2_17_aarch64.manylinux2014_aarch64.whl", hash = "sha256:cde6b9d9ba5007077ee321ec722fa714ebc0cbd9a32ccf0f4dd3cc3f20952d71"},
    {file = "rapidfuzz-3.9.3-pp39-pypy39_pp73-manylinux_2_17_i686.manylinux2014_i686.whl", hash = "sha256:3bb6546e7b6bed1aefbe24f68a5fb9b891cc5aef61bca6c1a7b1054b7f0359bb"},
    {file = "rapidfuzz-3.9.3-pp39-pypy39_pp73-manylinux_2_17_x86_64.manylinux2014_x86_64.whl", hash = "sha256:3d8a57261ef7996d5ced7c8cba9189ada3fbeffd1815f70f635e4558d93766cb"},
    {file = "rapidfuzz-3.9.3-pp39-pypy39_pp73-win_amd64.whl", hash = "sha256:67201c02efc596923ad950519e0b75ceb78d524177ea557134d6567b9ac2c283"},
    {file = "rapidfuzz-3.9.3.tar.gz", hash = "sha256:b398ea66e8ed50451bce5997c430197d5e4b06ac4aa74602717f792d8d8d06e2"},
]

[package.extras]
full = ["numpy"]

[[package]]
name = "tqdm"
version = "4.66.4"
description = "Fast, Extensible Progress Meter"
optional = false
python-versions = ">=3.7"
files = [
    {file = "tqdm-4.66.4-py3-none-any.whl", hash = "sha256:b75ca56b413b030bc3f00af51fd2c1a1a5eac6a0c1cca83cbb37a5c52abce644"},
    {file = "tqdm-4.66.4.tar.gz", hash = "sha256:e4d936c9de8727928f3be6079590e97d9abfe8d39a590be678eb5919ffc186bb"},
]

[package.dependencies]
colorama = {version = "*", markers = "platform_system == \"Windows\""}

[package.extras]
dev = ["pytest (>=6)", "pytest-cov", "pytest-timeout", "pytest-xdist"]
notebook = ["ipywidgets (>=6)"]
slack = ["slack-sdk"]
telegram = ["requests"]

[[package]]
name = "waitress"
version = "3.0.0"
description = "Waitress WSGI server"
optional = false
python-versions = ">=3.8.0"
files = [
    {file = "waitress-3.0.0-py3-none-any.whl", hash = "sha256:2a06f242f4ba0cc563444ca3d1998959447477363a2d7e9b8b4d75d35cfd1669"},
    {file = "waitress-3.0.0.tar.gz", hash = "sha256:005da479b04134cdd9dd602d1ee7c49d79de0537610d653674cc6cbde222b8a1"},
]

[package.extras]
docs = ["Sphinx (>=1.8.1)", "docutils", "pylons-sphinx-themes (>=1.0.9)"]
testing = ["coverage (>=5.0)", "pytest", "pytest-cov"]

[[package]]
name = "websockets"
version = "12.0"
description = "An implementation of the WebSocket Protocol (RFC 6455 & 7692)"
optional = false
python-versions = ">=3.8"
files = [
    {file = "websockets-12.0-cp310-cp310-macosx_10_9_universal2.whl", hash = "sha256:d554236b2a2006e0ce16315c16eaa0d628dab009c33b63ea03f41c6107958374"},
    {file = "websockets-12.0-cp310-cp310-macosx_10_9_x86_64.whl", hash = "sha256:2d225bb6886591b1746b17c0573e29804619c8f755b5598d875bb4235ea639be"},
    {file = "websockets-12.0-cp310-cp310-macosx_11_0_arm64.whl", hash = "sha256:eb809e816916a3b210bed3c82fb88eaf16e8afcf9c115ebb2bacede1797d2547"},
    {file = "websockets-12.0-cp310-cp310-manylinux_2_17_aarch64.manylinux2014_aarch64.whl", hash = "sha256:c588f6abc13f78a67044c6b1273a99e1cf31038ad51815b3b016ce699f0d75c2"},
    {file = "websockets-12.0-cp310-cp310-manylinux_2_5_i686.manylinux1_i686.manylinux_2_17_i686.manylinux2014_i686.whl", hash = "sha256:5aa9348186d79a5f232115ed3fa9020eab66d6c3437d72f9d2c8ac0c6858c558"},
    {file = "websockets-12.0-cp310-cp310-manylinux_2_5_x86_64.manylinux1_x86_64.manylinux_2_17_x86_64.manylinux2014_x86_64.whl", hash = "sha256:6350b14a40c95ddd53e775dbdbbbc59b124a5c8ecd6fbb09c2e52029f7a9f480"},
    {file = "websockets-12.0-cp310-cp310-musllinux_1_1_aarch64.whl", hash = "sha256:70ec754cc2a769bcd218ed8d7209055667b30860ffecb8633a834dde27d6307c"},
    {file = "websockets-12.0-cp310-cp310-musllinux_1_1_i686.whl", hash = "sha256:6e96f5ed1b83a8ddb07909b45bd94833b0710f738115751cdaa9da1fb0cb66e8"},
    {file = "websockets-12.0-cp310-cp310-musllinux_1_1_x86_64.whl", hash = "sha256:4d87be612cbef86f994178d5186add3d94e9f31cc3cb499a0482b866ec477603"},
    {file = "websockets-12.0-cp310-cp310-win32.whl", hash = "sha256:befe90632d66caaf72e8b2ed4d7f02b348913813c8b0a32fae1cc5fe3730902f"},
    {file = "websockets-12.0-cp310-cp310-win_amd64.whl", hash = "sha256:363f57ca8bc8576195d0540c648aa58ac18cf85b76ad5202b9f976918f4219cf"},
    {file = "websockets-12.0-cp311-cp311-macosx_10_9_universal2.whl", hash = "sha256:5d873c7de42dea355d73f170be0f23788cf3fa9f7bed718fd2830eefedce01b4"},
    {file = "websockets-12.0-cp311-cp311-macosx_10_9_x86_64.whl", hash = "sha256:3f61726cae9f65b872502ff3c1496abc93ffbe31b278455c418492016e2afc8f"},
    {file = "websockets-12.0-cp311-cp311-macosx_11_0_arm64.whl", hash = "sha256:ed2fcf7a07334c77fc8a230755c2209223a7cc44fc27597729b8ef5425aa61a3"},
    {file = "websockets-12.0-cp311-cp311-manylinux_2_17_aarch64.manylinux2014_aarch64.whl", hash = "sha256:8e332c210b14b57904869ca9f9bf4ca32f5427a03eeb625da9b616c85a3a506c"},
    {file = "websockets-12.0-cp311-cp311-manylinux_2_5_i686.manylinux1_i686.manylinux_2_17_i686.manylinux2014_i686.whl", hash = "sha256:5693ef74233122f8ebab026817b1b37fe25c411ecfca084b29bc7d6efc548f45"},
    {file = "websockets-12.0-cp311-cp311-manylinux_2_5_x86_64.manylinux1_x86_64.manylinux_2_17_x86_64.manylinux2014_x86_64.whl", hash = "sha256:6e9e7db18b4539a29cc5ad8c8b252738a30e2b13f033c2d6e9d0549b45841c04"},
    {file = "websockets-12.0-cp311-cp311-musllinux_1_1_aarch64.whl", hash = "sha256:6e2df67b8014767d0f785baa98393725739287684b9f8d8a1001eb2839031447"},
    {file = "websockets-12.0-cp311-cp311-musllinux_1_1_i686.whl", hash = "sha256:bea88d71630c5900690fcb03161ab18f8f244805c59e2e0dc4ffadae0a7ee0ca"},
    {file = "websockets-12.0-cp311-cp311-musllinux_1_1_x86_64.whl", hash = "sha256:dff6cdf35e31d1315790149fee351f9e52978130cef6c87c4b6c9b3baf78bc53"},
    {file = "websockets-12.0-cp311-cp311-win32.whl", hash = "sha256:3e3aa8c468af01d70332a382350ee95f6986db479ce7af14d5e81ec52aa2b402"},
    {file = "websockets-12.0-cp311-cp311-win_amd64.whl", hash = "sha256:25eb766c8ad27da0f79420b2af4b85d29914ba0edf69f547cc4f06ca6f1d403b"},
    {file = "websockets-12.0-cp312-cp312-macosx_10_9_universal2.whl", hash = "sha256:0e6e2711d5a8e6e482cacb927a49a3d432345dfe7dea8ace7b5790df5932e4df"},
    {file = "websockets-12.0-cp312-cp312-macosx_10_9_x86_64.whl", hash = "sha256:dbcf72a37f0b3316e993e13ecf32f10c0e1259c28ffd0a85cee26e8549595fbc"},
    {file = "websockets-12.0-cp312-cp312-macosx_11_0_arm64.whl", hash = "sha256:12743ab88ab2af1d17dd4acb4645677cb7063ef4db93abffbf164218a5d54c6b"},
    {file = "websockets-12.0-cp312-cp312-manylinux_2_17_aarch64.manylinux2014_aarch64.whl", hash = "sha256:7b645f491f3c48d3f8a00d1fce07445fab7347fec54a3e65f0725d730d5b99cb"},
    {file = "websockets-12.0-cp312-cp312-manylinux_2_5_i686.manylinux1_i686.manylinux_2_17_i686.manylinux2014_i686.whl", hash = "sha256:9893d1aa45a7f8b3bc4510f6ccf8db8c3b62120917af15e3de247f0780294b92"},
    {file = "websockets-12.0-cp312-cp312-manylinux_2_5_x86_64.manylinux1_x86_64.manylinux_2_17_x86_64.manylinux2014_x86_64.whl", hash = "sha256:1f38a7b376117ef7aff996e737583172bdf535932c9ca021746573bce40165ed"},
    {file = "websockets-12.0-cp312-cp312-musllinux_1_1_aarch64.whl", hash = "sha256:f764ba54e33daf20e167915edc443b6f88956f37fb606449b4a5b10ba42235a5"},
    {file = "websockets-12.0-cp312-cp312-musllinux_1_1_i686.whl", hash = "sha256:1e4b3f8ea6a9cfa8be8484c9221ec0257508e3a1ec43c36acdefb2a9c3b00aa2"},
    {file = "websockets-12.0-cp312-cp312-musllinux_1_1_x86_64.whl", hash = "sha256:9fdf06fd06c32205a07e47328ab49c40fc1407cdec801d698a7c41167ea45113"},
    {file = "websockets-12.0-cp312-cp312-win32.whl", hash = "sha256:baa386875b70cbd81798fa9f71be689c1bf484f65fd6fb08d051a0ee4e79924d"},
    {file = "websockets-12.0-cp312-cp312-win_amd64.whl", hash = "sha256:ae0a5da8f35a5be197f328d4727dbcfafa53d1824fac3d96cdd3a642fe09394f"},
    {file = "websockets-12.0-cp38-cp38-macosx_10_9_universal2.whl", hash = "sha256:5f6ffe2c6598f7f7207eef9a1228b6f5c818f9f4d53ee920aacd35cec8110438"},
    {file = "websockets-12.0-cp38-cp38-macosx_10_9_x86_64.whl", hash = "sha256:9edf3fc590cc2ec20dc9d7a45108b5bbaf21c0d89f9fd3fd1685e223771dc0b2"},
    {file = "websockets-12.0-cp38-cp38-macosx_11_0_arm64.whl", hash = "sha256:8572132c7be52632201a35f5e08348137f658e5ffd21f51f94572ca6c05ea81d"},
    {file = "websockets-12.0-cp38-cp38-manylinux_2_17_aarch64.manylinux2014_aarch64.whl", hash = "sha256:604428d1b87edbf02b233e2c207d7d528460fa978f9e391bd8aaf9c8311de137"},
    {file = "websockets-12.0-cp38-cp38-manylinux_2_5_i686.manylinux1_i686.manylinux_2_17_i686.manylinux2014_i686.whl", hash = "sha256:1a9d160fd080c6285e202327aba140fc9a0d910b09e423afff4ae5cbbf1c7205"},
    {file = "websockets-12.0-cp38-cp38-manylinux_2_5_x86_64.manylinux1_x86_64.manylinux_2_17_x86_64.manylinux2014_x86_64.whl", hash = "sha256:87b4aafed34653e465eb77b7c93ef058516cb5acf3eb21e42f33928616172def"},
    {file = "websockets-12.0-cp38-cp38-musllinux_1_1_aarch64.whl", hash = "sha256:b2ee7288b85959797970114deae81ab41b731f19ebcd3bd499ae9ca0e3f1d2c8"},
    {file = "websockets-12.0-cp38-cp38-musllinux_1_1_i686.whl", hash = "sha256:7fa3d25e81bfe6a89718e9791128398a50dec6d57faf23770787ff441d851967"},
    {file = "websockets-12.0-cp38-cp38-musllinux_1_1_x86_64.whl", hash = "sha256:a571f035a47212288e3b3519944f6bf4ac7bc7553243e41eac50dd48552b6df7"},
    {file = "websockets-12.0-cp38-cp38-win32.whl", hash = "sha256:3c6cc1360c10c17463aadd29dd3af332d4a1adaa8796f6b0e9f9df1fdb0bad62"},
    {file = "websockets-12.0-cp38-cp38-win_amd64.whl", hash = "sha256:1bf386089178ea69d720f8db6199a0504a406209a0fc23e603b27b300fdd6892"},
    {file = "websockets-12.0-cp39-cp39-macosx_10_9_universal2.whl", hash = "sha256:ab3d732ad50a4fbd04a4490ef08acd0517b6ae6b77eb967251f4c263011a990d"},
    {file = "websockets-12.0-cp39-cp39-macosx_10_9_x86_64.whl", hash = "sha256:a1d9697f3337a89691e3bd8dc56dea45a6f6d975f92e7d5f773bc715c15dde28"},
    {file = "websockets-12.0-cp39-cp39-macosx_11_0_arm64.whl", hash = "sha256:1df2fbd2c8a98d38a66f5238484405b8d1d16f929bb7a33ed73e4801222a6f53"},
    {file = "websockets-12.0-cp39-cp39-manylinux_2_17_aarch64.manylinux2014_aarch64.whl", hash = "sha256:23509452b3bc38e3a057382c2e941d5ac2e01e251acce7adc74011d7d8de434c"},
    {file = "websockets-12.0-cp39-cp39-manylinux_2_5_i686.manylinux1_i686.manylinux_2_17_i686.manylinux2014_i686.whl", hash = "sha256:2e5fc14ec6ea568200ea4ef46545073da81900a2b67b3e666f04adf53ad452ec"},
    {file = "websockets-12.0-cp39-cp39-manylinux_2_5_x86_64.manylinux1_x86_64.manylinux_2_17_x86_64.manylinux2014_x86_64.whl", hash = "sha256:46e71dbbd12850224243f5d2aeec90f0aaa0f2dde5aeeb8fc8df21e04d99eff9"},
    {file = "websockets-12.0-cp39-cp39-musllinux_1_1_aarch64.whl", hash = "sha256:b81f90dcc6c85a9b7f29873beb56c94c85d6f0dac2ea8b60d995bd18bf3e2aae"},
    {file = "websockets-12.0-cp39-cp39-musllinux_1_1_i686.whl", hash = "sha256:a02413bc474feda2849c59ed2dfb2cddb4cd3d2f03a2fedec51d6e959d9b608b"},
    {file = "websockets-12.0-cp39-cp39-musllinux_1_1_x86_64.whl", hash = "sha256:bbe6013f9f791944ed31ca08b077e26249309639313fff132bfbf3ba105673b9"},
    {file = "websockets-12.0-cp39-cp39-win32.whl", hash = "sha256:cbe83a6bbdf207ff0541de01e11904827540aa069293696dd528a6640bd6a5f6"},
    {file = "websockets-12.0-cp39-cp39-win_amd64.whl", hash = "sha256:fc4e7fa5414512b481a2483775a8e8be7803a35b30ca805afa4998a84f9fd9e8"},
    {file = "websockets-12.0-pp310-pypy310_pp73-macosx_10_9_x86_64.whl", hash = "sha256:248d8e2446e13c1d4326e0a6a4e9629cb13a11195051a73acf414812700badbd"},
    {file = "websockets-12.0-pp310-pypy310_pp73-manylinux_2_17_aarch64.manylinux2014_aarch64.whl", hash = "sha256:f44069528d45a933997a6fef143030d8ca8042f0dfaad753e2906398290e2870"},
    {file = "websockets-12.0-pp310-pypy310_pp73-manylinux_2_5_i686.manylinux1_i686.manylinux_2_17_i686.manylinux2014_i686.whl", hash = "sha256:c4e37d36f0d19f0a4413d3e18c0d03d0c268ada2061868c1e6f5ab1a6d575077"},
    {file = "websockets-12.0-pp310-pypy310_pp73-manylinux_2_5_x86_64.manylinux1_x86_64.manylinux_2_17_x86_64.manylinux2014_x86_64.whl", hash = "sha256:3d829f975fc2e527a3ef2f9c8f25e553eb7bc779c6665e8e1d52aa22800bb38b"},
    {file = "websockets-12.0-pp310-pypy310_pp73-win_amd64.whl", hash = "sha256:2c71bd45a777433dd9113847af751aae36e448bc6b8c361a566cb043eda6ec30"},
    {file = "websockets-12.0-pp38-pypy38_pp73-macosx_10_9_x86_64.whl", hash = "sha256:0bee75f400895aef54157b36ed6d3b308fcab62e5260703add87f44cee9c82a6"},
    {file = "websockets-12.0-pp38-pypy38_pp73-manylinux_2_17_aarch64.manylinux2014_aarch64.whl", hash = "sha256:423fc1ed29f7512fceb727e2d2aecb952c46aa34895e9ed96071821309951123"},
    {file = "websockets-12.0-pp38-pypy38_pp73-manylinux_2_5_i686.manylinux1_i686.manylinux_2_17_i686.manylinux2014_i686.whl", hash = "sha256:27a5e9964ef509016759f2ef3f2c1e13f403725a5e6a1775555994966a66e931"},
    {file = "websockets-12.0-pp38-pypy38_pp73-manylinux_2_5_x86_64.manylinux1_x86_64.manylinux_2_17_x86_64.manylinux2014_x86_64.whl", hash = "sha256:c3181df4583c4d3994d31fb235dc681d2aaad744fbdbf94c4802485ececdecf2"},
    {file = "websockets-12.0-pp38-pypy38_pp73-win_amd64.whl", hash = "sha256:b067cb952ce8bf40115f6c19f478dc71c5e719b7fbaa511359795dfd9d1a6468"},
    {file = "websockets-12.0-pp39-pypy39_pp73-macosx_10_9_x86_64.whl", hash = "sha256:00700340c6c7ab788f176d118775202aadea7602c5cc6be6ae127761c16d6b0b"},
    {file = "websockets-12.0-pp39-pypy39_pp73-manylinux_2_17_aarch64.manylinux2014_aarch64.whl", hash = "sha256:e469d01137942849cff40517c97a30a93ae79917752b34029f0ec72df6b46399"},
    {file = "websockets-12.0-pp39-pypy39_pp73-manylinux_2_5_i686.manylinux1_i686.manylinux_2_17_i686.manylinux2014_i686.whl", hash = "sha256:ffefa1374cd508d633646d51a8e9277763a9b78ae71324183693959cf94635a7"},
    {file = "websockets-12.0-pp39-pypy39_pp73-manylinux_2_5_x86_64.manylinux1_x86_64.manylinux_2_17_x86_64.manylinux2014_x86_64.whl", hash = "sha256:ba0cab91b3956dfa9f512147860783a1829a8d905ee218a9837c18f683239611"},
    {file = "websockets-12.0-pp39-pypy39_pp73-win_amd64.whl", hash = "sha256:2cb388a5bfb56df4d9a406783b7f9dbefb888c09b71629351cc6b036e9259370"},
    {file = "websockets-12.0-py3-none-any.whl", hash = "sha256:dc284bbc8d7c78a6c69e0c7325ab46ee5e40bb4d50e494d8131a07ef47500e9e"},
    {file = "websockets-12.0.tar.gz", hash = "sha256:81df9cbcbb6c260de1e007e58c011bfebe2dafc8435107b0537f393dd38c8b1b"},
]

[[package]]
name = "werkzeug"
version = "3.0.3"
description = "The comprehensive WSGI web application library."
optional = false
python-versions = ">=3.8"
files = [
    {file = "werkzeug-3.0.3-py3-none-any.whl", hash = "sha256:fc9645dc43e03e4d630d23143a04a7f947a9a3b5727cd535fdfe155a17cc48c8"},
    {file = "werkzeug-3.0.3.tar.gz", hash = "sha256:097e5bfda9f0aba8da6b8545146def481d06aa7d3266e7448e2cccf67dd8bd18"},
]

[package.dependencies]
MarkupSafe = ">=2.1.1"

[package.extras]
watchdog = ["watchdog (>=2.3)"]

[metadata]
lock-version = "2.0"
python-versions = "^3.11"
content-hash = "3fead5b097014e556ebdd8958f0005878ed650a43b191fd604dd1b12823bbb9a"
